
Microsoft Visual Studio Solution File, Format Version 12.00
# Visual Studio 15
VisualStudioVersion = 15.0.26228.4
MinimumVisualStudioVersion = 10.0.40219.1
Project("{FAE04EC0-301F-11D3-BF4B-00C04F79EFBC}") = "FormsAssistControl.Android", "FormsAssistControl\FormsAssistControl.Android\FormsAssistControl.Android.csproj", "{86BBD1FE-EA75-4C9A-9FE4-B418ED62A788}"
EndProject
Project("{FAE04EC0-301F-11D3-BF4B-00C04F79EFBC}") = "FormsAssistControl", "FormsAssistControl\FormsAssistControl\FormsAssistControl.csproj", "{A5FF8152-0364-4E06-9641-05F890F68697}"
EndProject
Project("{FAE04EC0-301F-11D3-BF4B-00C04F79EFBC}") = "FormsAssistControl.UWP", "FormsAssistControl\FormsAssistControl.UWP\FormsAssistControl.UWP.csproj", "{AAF98256-E0B1-4170-99D8-F0A83125EC97}"
EndProject
Project("{FAE04EC0-301F-11D3-BF4B-00C04F79EFBC}") = "FormsAssistControl.iOS", "FormsAssistControl\FormsAssistControl.iOS\FormsAssistControl.iOS.csproj", "{A2CC3C2A-5F2D-491F-B406-A023668AE625}"
EndProject
Global
	GlobalSection(SolutionConfigurationPlatforms) = preSolution
		Ad-Hoc|Any CPU = Ad-Hoc|Any CPU
		Ad-Hoc|ARM = Ad-Hoc|ARM
		Ad-Hoc|iPhone = Ad-Hoc|iPhone
		Ad-Hoc|iPhoneSimulator = Ad-Hoc|iPhoneSimulator
		Ad-Hoc|x64 = Ad-Hoc|x64
		Ad-Hoc|x86 = Ad-Hoc|x86
		AppStore|Any CPU = AppStore|Any CPU
		AppStore|ARM = AppStore|ARM
		AppStore|iPhone = AppStore|iPhone
		AppStore|iPhoneSimulator = AppStore|iPhoneSimulator
		AppStore|x64 = AppStore|x64
		AppStore|x86 = AppStore|x86
		Debug|Any CPU = Debug|Any CPU
		Debug|ARM = Debug|ARM
		Debug|iPhone = Debug|iPhone
		Debug|iPhoneSimulator = Debug|iPhoneSimulator
		Debug|x64 = Debug|x64
		Debug|x86 = Debug|x86
		Release|Any CPU = Release|Any CPU
		Release|ARM = Release|ARM
		Release|iPhone = Release|iPhone
		Release|iPhoneSimulator = Release|iPhoneSimulator
		Release|x64 = Release|x64
		Release|x86 = Release|x86
	EndGlobalSection
	GlobalSection(ProjectConfigurationPlatforms) = postSolution
		{86BBD1FE-EA75-4C9A-9FE4-B418ED62A788}.Ad-Hoc|Any CPU.ActiveCfg = Release|Any CPU
		{86BBD1FE-EA75-4C9A-9FE4-B418ED62A788}.Ad-Hoc|Any CPU.Build.0 = Release|Any CPU
		{86BBD1FE-EA75-4C9A-9FE4-B418ED62A788}.Ad-Hoc|Any CPU.Deploy.0 = Release|Any CPU
		{86BBD1FE-EA75-4C9A-9FE4-B418ED62A788}.Ad-Hoc|ARM.ActiveCfg = Release|Any CPU
		{86BBD1FE-EA75-4C9A-9FE4-B418ED62A788}.Ad-Hoc|ARM.Build.0 = Release|Any CPU
		{86BBD1FE-EA75-4C9A-9FE4-B418ED62A788}.Ad-Hoc|ARM.Deploy.0 = Release|Any CPU
		{86BBD1FE-EA75-4C9A-9FE4-B418ED62A788}.Ad-Hoc|iPhone.ActiveCfg = Release|Any CPU
		{86BBD1FE-EA75-4C9A-9FE4-B418ED62A788}.Ad-Hoc|iPhone.Build.0 = Release|Any CPU
		{86BBD1FE-EA75-4C9A-9FE4-B418ED62A788}.Ad-Hoc|iPhone.Deploy.0 = Release|Any CPU
		{86BBD1FE-EA75-4C9A-9FE4-B418ED62A788}.Ad-Hoc|iPhoneSimulator.ActiveCfg = Release|Any CPU
		{86BBD1FE-EA75-4C9A-9FE4-B418ED62A788}.Ad-Hoc|iPhoneSimulator.Build.0 = Release|Any CPU
		{86BBD1FE-EA75-4C9A-9FE4-B418ED62A788}.Ad-Hoc|iPhoneSimulator.Deploy.0 = Release|Any CPU
		{86BBD1FE-EA75-4C9A-9FE4-B418ED62A788}.Ad-Hoc|x64.ActiveCfg = Release|Any CPU
		{86BBD1FE-EA75-4C9A-9FE4-B418ED62A788}.Ad-Hoc|x64.Build.0 = Release|Any CPU
		{86BBD1FE-EA75-4C9A-9FE4-B418ED62A788}.Ad-Hoc|x64.Deploy.0 = Release|Any CPU
		{86BBD1FE-EA75-4C9A-9FE4-B418ED62A788}.Ad-Hoc|x86.ActiveCfg = Release|Any CPU
		{86BBD1FE-EA75-4C9A-9FE4-B418ED62A788}.Ad-Hoc|x86.Build.0 = Release|Any CPU
		{86BBD1FE-EA75-4C9A-9FE4-B418ED62A788}.Ad-Hoc|x86.Deploy.0 = Release|Any CPU
		{86BBD1FE-EA75-4C9A-9FE4-B418ED62A788}.AppStore|Any CPU.ActiveCfg = Release|Any CPU
		{86BBD1FE-EA75-4C9A-9FE4-B418ED62A788}.AppStore|Any CPU.Build.0 = Release|Any CPU
		{86BBD1FE-EA75-4C9A-9FE4-B418ED62A788}.AppStore|Any CPU.Deploy.0 = Release|Any CPU
		{86BBD1FE-EA75-4C9A-9FE4-B418ED62A788}.AppStore|ARM.ActiveCfg = Release|Any CPU
		{86BBD1FE-EA75-4C9A-9FE4-B418ED62A788}.AppStore|ARM.Build.0 = Release|Any CPU
		{86BBD1FE-EA75-4C9A-9FE4-B418ED62A788}.AppStore|ARM.Deploy.0 = Release|Any CPU
		{86BBD1FE-EA75-4C9A-9FE4-B418ED62A788}.AppStore|iPhone.ActiveCfg = Release|Any CPU
		{86BBD1FE-EA75-4C9A-9FE4-B418ED62A788}.AppStore|iPhone.Build.0 = Release|Any CPU
		{86BBD1FE-EA75-4C9A-9FE4-B418ED62A788}.AppStore|iPhone.Deploy.0 = Release|Any CPU
		{86BBD1FE-EA75-4C9A-9FE4-B418ED62A788}.AppStore|iPhoneSimulator.ActiveCfg = Release|Any CPU
		{86BBD1FE-EA75-4C9A-9FE4-B418ED62A788}.AppStore|iPhoneSimulator.Build.0 = Release|Any CPU
		{86BBD1FE-EA75-4C9A-9FE4-B418ED62A788}.AppStore|iPhoneSimulator.Deploy.0 = Release|Any CPU
		{86BBD1FE-EA75-4C9A-9FE4-B418ED62A788}.AppStore|x64.ActiveCfg = Release|Any CPU
		{86BBD1FE-EA75-4C9A-9FE4-B418ED62A788}.AppStore|x64.Build.0 = Release|Any CPU
		{86BBD1FE-EA75-4C9A-9FE4-B418ED62A788}.AppStore|x64.Deploy.0 = Release|Any CPU
		{86BBD1FE-EA75-4C9A-9FE4-B418ED62A788}.AppStore|x86.ActiveCfg = Release|Any CPU
		{86BBD1FE-EA75-4C9A-9FE4-B418ED62A788}.AppStore|x86.Build.0 = Release|Any CPU
		{86BBD1FE-EA75-4C9A-9FE4-B418ED62A788}.AppStore|x86.Deploy.0 = Release|Any CPU
		{86BBD1FE-EA75-4C9A-9FE4-B418ED62A788}.Debug|Any CPU.ActiveCfg = Debug|Any CPU
		{86BBD1FE-EA75-4C9A-9FE4-B418ED62A788}.Debug|Any CPU.Build.0 = Debug|Any CPU
		{86BBD1FE-EA75-4C9A-9FE4-B418ED62A788}.Debug|Any CPU.Deploy.0 = Debug|Any CPU
		{86BBD1FE-EA75-4C9A-9FE4-B418ED62A788}.Debug|ARM.ActiveCfg = Debug|Any CPU
		{86BBD1FE-EA75-4C9A-9FE4-B418ED62A788}.Debug|ARM.Build.0 = Debug|Any CPU
		{86BBD1FE-EA75-4C9A-9FE4-B418ED62A788}.Debug|ARM.Deploy.0 = Debug|Any CPU
		{86BBD1FE-EA75-4C9A-9FE4-B418ED62A788}.Debug|iPhone.ActiveCfg = Debug|Any CPU
		{86BBD1FE-EA75-4C9A-9FE4-B418ED62A788}.Debug|iPhone.Build.0 = Debug|Any CPU
		{86BBD1FE-EA75-4C9A-9FE4-B418ED62A788}.Debug|iPhone.Deploy.0 = Debug|Any CPU
		{86BBD1FE-EA75-4C9A-9FE4-B418ED62A788}.Debug|iPhoneSimulator.ActiveCfg = Debug|Any CPU
		{86BBD1FE-EA75-4C9A-9FE4-B418ED62A788}.Debug|iPhoneSimulator.Build.0 = Debug|Any CPU
		{86BBD1FE-EA75-4C9A-9FE4-B418ED62A788}.Debug|iPhoneSimulator.Deploy.0 = Debug|Any CPU
		{86BBD1FE-EA75-4C9A-9FE4-B418ED62A788}.Debug|x64.ActiveCfg = Debug|Any CPU
		{86BBD1FE-EA75-4C9A-9FE4-B418ED62A788}.Debug|x64.Build.0 = Debug|Any CPU
		{86BBD1FE-EA75-4C9A-9FE4-B418ED62A788}.Debug|x64.Deploy.0 = Debug|Any CPU
		{86BBD1FE-EA75-4C9A-9FE4-B418ED62A788}.Debug|x86.ActiveCfg = Debug|Any CPU
		{86BBD1FE-EA75-4C9A-9FE4-B418ED62A788}.Debug|x86.Build.0 = Debug|Any CPU
		{86BBD1FE-EA75-4C9A-9FE4-B418ED62A788}.Debug|x86.Deploy.0 = Debug|Any CPU
		{86BBD1FE-EA75-4C9A-9FE4-B418ED62A788}.Release|Any CPU.ActiveCfg = Release|Any CPU
		{86BBD1FE-EA75-4C9A-9FE4-B418ED62A788}.Release|Any CPU.Build.0 = Release|Any CPU
		{86BBD1FE-EA75-4C9A-9FE4-B418ED62A788}.Release|Any CPU.Deploy.0 = Release|Any CPU
		{86BBD1FE-EA75-4C9A-9FE4-B418ED62A788}.Release|ARM.ActiveCfg = Release|Any CPU
		{86BBD1FE-EA75-4C9A-9FE4-B418ED62A788}.Release|ARM.Build.0 = Release|Any CPU
		{86BBD1FE-EA75-4C9A-9FE4-B418ED62A788}.Release|ARM.Deploy.0 = Release|Any CPU
		{86BBD1FE-EA75-4C9A-9FE4-B418ED62A788}.Release|iPhone.ActiveCfg = Release|Any CPU
		{86BBD1FE-EA75-4C9A-9FE4-B418ED62A788}.Release|iPhone.Build.0 = Release|Any CPU
		{86BBD1FE-EA75-4C9A-9FE4-B418ED62A788}.Release|iPhone.Deploy.0 = Release|Any CPU
		{86BBD1FE-EA75-4C9A-9FE4-B418ED62A788}.Release|iPhoneSimulator.ActiveCfg = Release|Any CPU
		{86BBD1FE-EA75-4C9A-9FE4-B418ED62A788}.Release|iPhoneSimulator.Build.0 = Release|Any CPU
		{86BBD1FE-EA75-4C9A-9FE4-B418ED62A788}.Release|iPhoneSimulator.Deploy.0 = Release|Any CPU
		{86BBD1FE-EA75-4C9A-9FE4-B418ED62A788}.Release|x64.ActiveCfg = Release|Any CPU
		{86BBD1FE-EA75-4C9A-9FE4-B418ED62A788}.Release|x64.Build.0 = Release|Any CPU
		{86BBD1FE-EA75-4C9A-9FE4-B418ED62A788}.Release|x64.Deploy.0 = Release|Any CPU
		{86BBD1FE-EA75-4C9A-9FE4-B418ED62A788}.Release|x86.ActiveCfg = Release|Any CPU
		{86BBD1FE-EA75-4C9A-9FE4-B418ED62A788}.Release|x86.Build.0 = Release|Any CPU
		{86BBD1FE-EA75-4C9A-9FE4-B418ED62A788}.Release|x86.Deploy.0 = Release|Any CPU
		{A5FF8152-0364-4E06-9641-05F890F68697}.Ad-Hoc|Any CPU.ActiveCfg = Release|Any CPU
		{A5FF8152-0364-4E06-9641-05F890F68697}.Ad-Hoc|Any CPU.Build.0 = Release|Any CPU
		{A5FF8152-0364-4E06-9641-05F890F68697}.Ad-Hoc|ARM.ActiveCfg = Release|Any CPU
		{A5FF8152-0364-4E06-9641-05F890F68697}.Ad-Hoc|ARM.Build.0 = Release|Any CPU
		{A5FF8152-0364-4E06-9641-05F890F68697}.Ad-Hoc|iPhone.ActiveCfg = Release|Any CPU
		{A5FF8152-0364-4E06-9641-05F890F68697}.Ad-Hoc|iPhone.Build.0 = Release|Any CPU
		{A5FF8152-0364-4E06-9641-05F890F68697}.Ad-Hoc|iPhoneSimulator.ActiveCfg = Release|Any CPU
		{A5FF8152-0364-4E06-9641-05F890F68697}.Ad-Hoc|iPhoneSimulator.Build.0 = Release|Any CPU
		{A5FF8152-0364-4E06-9641-05F890F68697}.Ad-Hoc|x64.ActiveCfg = Release|Any CPU
		{A5FF8152-0364-4E06-9641-05F890F68697}.Ad-Hoc|x64.Build.0 = Release|Any CPU
		{A5FF8152-0364-4E06-9641-05F890F68697}.Ad-Hoc|x86.ActiveCfg = Release|Any CPU
		{A5FF8152-0364-4E06-9641-05F890F68697}.Ad-Hoc|x86.Build.0 = Release|Any CPU
		{A5FF8152-0364-4E06-9641-05F890F68697}.AppStore|Any CPU.ActiveCfg = Release|Any CPU
		{A5FF8152-0364-4E06-9641-05F890F68697}.AppStore|Any CPU.Build.0 = Release|Any CPU
		{A5FF8152-0364-4E06-9641-05F890F68697}.AppStore|ARM.ActiveCfg = Release|Any CPU
		{A5FF8152-0364-4E06-9641-05F890F68697}.AppStore|ARM.Build.0 = Release|Any CPU
		{A5FF8152-0364-4E06-9641-05F890F68697}.AppStore|iPhone.ActiveCfg = Release|Any CPU
		{A5FF8152-0364-4E06-9641-05F890F68697}.AppStore|iPhone.Build.0 = Release|Any CPU
		{A5FF8152-0364-4E06-9641-05F890F68697}.AppStore|iPhoneSimulator.ActiveCfg = Release|Any CPU
		{A5FF8152-0364-4E06-9641-05F890F68697}.AppStore|iPhoneSimulator.Build.0 = Release|Any CPU
		{A5FF8152-0364-4E06-9641-05F890F68697}.AppStore|x64.ActiveCfg = Release|Any CPU
		{A5FF8152-0364-4E06-9641-05F890F68697}.AppStore|x64.Build.0 = Release|Any CPU
		{A5FF8152-0364-4E06-9641-05F890F68697}.AppStore|x86.ActiveCfg = Release|Any CPU
		{A5FF8152-0364-4E06-9641-05F890F68697}.AppStore|x86.Build.0 = Release|Any CPU
		{A5FF8152-0364-4E06-9641-05F890F68697}.Debug|Any CPU.ActiveCfg = Debug|Any CPU
		{A5FF8152-0364-4E06-9641-05F890F68697}.Debug|Any CPU.Build.0 = Debug|Any CPU
		{A5FF8152-0364-4E06-9641-05F890F68697}.Debug|ARM.ActiveCfg = Debug|Any CPU
		{A5FF8152-0364-4E06-9641-05F890F68697}.Debug|ARM.Build.0 = Debug|Any CPU
		{A5FF8152-0364-4E06-9641-05F890F68697}.Debug|iPhone.ActiveCfg = Debug|Any CPU
		{A5FF8152-0364-4E06-9641-05F890F68697}.Debug|iPhone.Build.0 = Debug|Any CPU
		{A5FF8152-0364-4E06-9641-05F890F68697}.Debug|iPhoneSimulator.ActiveCfg = Debug|Any CPU
		{A5FF8152-0364-4E06-9641-05F890F68697}.Debug|iPhoneSimulator.Build.0 = Debug|Any CPU
		{A5FF8152-0364-4E06-9641-05F890F68697}.Debug|x64.ActiveCfg = Debug|Any CPU
		{A5FF8152-0364-4E06-9641-05F890F68697}.Debug|x64.Build.0 = Debug|Any CPU
		{A5FF8152-0364-4E06-9641-05F890F68697}.Debug|x86.ActiveCfg = Debug|Any CPU
		{A5FF8152-0364-4E06-9641-05F890F68697}.Debug|x86.Build.0 = Debug|Any CPU
		{A5FF8152-0364-4E06-9641-05F890F68697}.Release|Any CPU.ActiveCfg = Release|Any CPU
		{A5FF8152-0364-4E06-9641-05F890F68697}.Release|Any CPU.Build.0 = Release|Any CPU
		{A5FF8152-0364-4E06-9641-05F890F68697}.Release|ARM.ActiveCfg = Release|Any CPU
		{A5FF8152-0364-4E06-9641-05F890F68697}.Release|ARM.Build.0 = Release|Any CPU
		{A5FF8152-0364-4E06-9641-05F890F68697}.Release|iPhone.ActiveCfg = Release|Any CPU
		{A5FF8152-0364-4E06-9641-05F890F68697}.Release|iPhone.Build.0 = Release|Any CPU
		{A5FF8152-0364-4E06-9641-05F890F68697}.Release|iPhoneSimulator.ActiveCfg = Release|Any CPU
		{A5FF8152-0364-4E06-9641-05F890F68697}.Release|iPhoneSimulator.Build.0 = Release|Any CPU
		{A5FF8152-0364-4E06-9641-05F890F68697}.Release|x64.ActiveCfg = Release|Any CPU
		{A5FF8152-0364-4E06-9641-05F890F68697}.Release|x64.Build.0 = Release|Any CPU
		{A5FF8152-0364-4E06-9641-05F890F68697}.Release|x86.ActiveCfg = Release|Any CPU
		{A5FF8152-0364-4E06-9641-05F890F68697}.Release|x86.Build.0 = Release|Any CPU
		{AAF98256-E0B1-4170-99D8-F0A83125EC97}.Ad-Hoc|Any CPU.ActiveCfg = Release|x86
		{AAF98256-E0B1-4170-99D8-F0A83125EC97}.Ad-Hoc|Any CPU.Build.0 = Release|x86
		{AAF98256-E0B1-4170-99D8-F0A83125EC97}.Ad-Hoc|Any CPU.Deploy.0 = Release|x86
		{AAF98256-E0B1-4170-99D8-F0A83125EC97}.Ad-Hoc|ARM.ActiveCfg = Release|ARM
		{AAF98256-E0B1-4170-99D8-F0A83125EC97}.Ad-Hoc|ARM.Build.0 = Release|ARM
		{AAF98256-E0B1-4170-99D8-F0A83125EC97}.Ad-Hoc|ARM.Deploy.0 = Release|ARM
		{AAF98256-E0B1-4170-99D8-F0A83125EC97}.Ad-Hoc|iPhone.ActiveCfg = Release|x86
		{AAF98256-E0B1-4170-99D8-F0A83125EC97}.Ad-Hoc|iPhone.Build.0 = Release|x86
		{AAF98256-E0B1-4170-99D8-F0A83125EC97}.Ad-Hoc|iPhone.Deploy.0 = Release|x86
		{AAF98256-E0B1-4170-99D8-F0A83125EC97}.Ad-Hoc|iPhoneSimulator.ActiveCfg = Release|x86
		{AAF98256-E0B1-4170-99D8-F0A83125EC97}.Ad-Hoc|iPhoneSimulator.Build.0 = Release|x86
		{AAF98256-E0B1-4170-99D8-F0A83125EC97}.Ad-Hoc|iPhoneSimulator.Deploy.0 = Release|x86
		{AAF98256-E0B1-4170-99D8-F0A83125EC97}.Ad-Hoc|x64.ActiveCfg = Release|x64
		{AAF98256-E0B1-4170-99D8-F0A83125EC97}.Ad-Hoc|x64.Build.0 = Release|x64
		{AAF98256-E0B1-4170-99D8-F0A83125EC97}.Ad-Hoc|x64.Deploy.0 = Release|x64
		{AAF98256-E0B1-4170-99D8-F0A83125EC97}.Ad-Hoc|x86.ActiveCfg = Release|x86
		{AAF98256-E0B1-4170-99D8-F0A83125EC97}.Ad-Hoc|x86.Build.0 = Release|x86
		{AAF98256-E0B1-4170-99D8-F0A83125EC97}.Ad-Hoc|x86.Deploy.0 = Release|x86
		{AAF98256-E0B1-4170-99D8-F0A83125EC97}.AppStore|Any CPU.ActiveCfg = Release|x86
		{AAF98256-E0B1-4170-99D8-F0A83125EC97}.AppStore|Any CPU.Build.0 = Release|x86
		{AAF98256-E0B1-4170-99D8-F0A83125EC97}.AppStore|Any CPU.Deploy.0 = Release|x86
		{AAF98256-E0B1-4170-99D8-F0A83125EC97}.AppStore|ARM.ActiveCfg = Release|ARM
		{AAF98256-E0B1-4170-99D8-F0A83125EC97}.AppStore|ARM.Build.0 = Release|ARM
		{AAF98256-E0B1-4170-99D8-F0A83125EC97}.AppStore|ARM.Deploy.0 = Release|ARM
		{AAF98256-E0B1-4170-99D8-F0A83125EC97}.AppStore|iPhone.ActiveCfg = Release|x86
		{AAF98256-E0B1-4170-99D8-F0A83125EC97}.AppStore|iPhone.Build.0 = Release|x86
		{AAF98256-E0B1-4170-99D8-F0A83125EC97}.AppStore|iPhone.Deploy.0 = Release|x86
		{AAF98256-E0B1-4170-99D8-F0A83125EC97}.AppStore|iPhoneSimulator.ActiveCfg = Release|x86
		{AAF98256-E0B1-4170-99D8-F0A83125EC97}.AppStore|iPhoneSimulator.Build.0 = Release|x86
		{AAF98256-E0B1-4170-99D8-F0A83125EC97}.AppStore|iPhoneSimulator.Deploy.0 = Release|x86
		{AAF98256-E0B1-4170-99D8-F0A83125EC97}.AppStore|x64.ActiveCfg = Release|x64
		{AAF98256-E0B1-4170-99D8-F0A83125EC97}.AppStore|x64.Build.0 = Release|x64
		{AAF98256-E0B1-4170-99D8-F0A83125EC97}.AppStore|x64.Deploy.0 = Release|x64
		{AAF98256-E0B1-4170-99D8-F0A83125EC97}.AppStore|x86.ActiveCfg = Release|x86
		{AAF98256-E0B1-4170-99D8-F0A83125EC97}.AppStore|x86.Build.0 = Release|x86
		{AAF98256-E0B1-4170-99D8-F0A83125EC97}.AppStore|x86.Deploy.0 = Release|x86
		{AAF98256-E0B1-4170-99D8-F0A83125EC97}.Debug|Any CPU.ActiveCfg = Debug|x86
		{AAF98256-E0B1-4170-99D8-F0A83125EC97}.Debug|Any CPU.Build.0 = Debug|x86
		{AAF98256-E0B1-4170-99D8-F0A83125EC97}.Debug|Any CPU.Deploy.0 = Debug|x86
		{AAF98256-E0B1-4170-99D8-F0A83125EC97}.Debug|ARM.ActiveCfg = Debug|ARM
		{AAF98256-E0B1-4170-99D8-F0A83125EC97}.Debug|ARM.Build.0 = Debug|ARM
		{AAF98256-E0B1-4170-99D8-F0A83125EC97}.Debug|ARM.Deploy.0 = Debug|ARM
		{AAF98256-E0B1-4170-99D8-F0A83125EC97}.Debug|iPhone.ActiveCfg = Debug|x86
		{AAF98256-E0B1-4170-99D8-F0A83125EC97}.Debug|iPhoneSimulator.ActiveCfg = Debug|x86
		{AAF98256-E0B1-4170-99D8-F0A83125EC97}.Debug|x64.ActiveCfg = Debug|x64
		{AAF98256-E0B1-4170-99D8-F0A83125EC97}.Debug|x64.Build.0 = Debug|x64
		{AAF98256-E0B1-4170-99D8-F0A83125EC97}.Debug|x64.Deploy.0 = Debug|x64
		{AAF98256-E0B1-4170-99D8-F0A83125EC97}.Debug|x86.ActiveCfg = Debug|x86
		{AAF98256-E0B1-4170-99D8-F0A83125EC97}.Debug|x86.Build.0 = Debug|x86
		{AAF98256-E0B1-4170-99D8-F0A83125EC97}.Debug|x86.Deploy.0 = Debug|x86
		{AAF98256-E0B1-4170-99D8-F0A83125EC97}.Release|Any CPU.ActiveCfg = Release|x86
		{AAF98256-E0B1-4170-99D8-F0A83125EC97}.Release|ARM.ActiveCfg = Release|ARM
		{AAF98256-E0B1-4170-99D8-F0A83125EC97}.Release|ARM.Build.0 = Release|ARM
		{AAF98256-E0B1-4170-99D8-F0A83125EC97}.Release|ARM.Deploy.0 = Release|ARM
		{AAF98256-E0B1-4170-99D8-F0A83125EC97}.Release|iPhone.ActiveCfg = Release|x86
		{AAF98256-E0B1-4170-99D8-F0A83125EC97}.Release|iPhoneSimulator.ActiveCfg = Release|x86
		{AAF98256-E0B1-4170-99D8-F0A83125EC97}.Release|x64.ActiveCfg = Release|x64
		{AAF98256-E0B1-4170-99D8-F0A83125EC97}.Release|x64.Build.0 = Release|x64
		{AAF98256-E0B1-4170-99D8-F0A83125EC97}.Release|x64.Deploy.0 = Release|x64
		{AAF98256-E0B1-4170-99D8-F0A83125EC97}.Release|x86.ActiveCfg = Release|x86
		{AAF98256-E0B1-4170-99D8-F0A83125EC97}.Release|x86.Build.0 = Release|x86
		{AAF98256-E0B1-4170-99D8-F0A83125EC97}.Release|x86.Deploy.0 = Release|x86
		{A2CC3C2A-5F2D-491F-B406-A023668AE625}.Ad-Hoc|Any CPU.ActiveCfg = Ad-Hoc|iPhone
		{A2CC3C2A-5F2D-491F-B406-A023668AE625}.Ad-Hoc|ARM.ActiveCfg = Ad-Hoc|iPhone
		{A2CC3C2A-5F2D-491F-B406-A023668AE625}.Ad-Hoc|iPhone.ActiveCfg = Ad-Hoc|iPhone
		{A2CC3C2A-5F2D-491F-B406-A023668AE625}.Ad-Hoc|iPhone.Build.0 = Ad-Hoc|iPhone
		{A2CC3C2A-5F2D-491F-B406-A023668AE625}.Ad-Hoc|iPhoneSimulator.ActiveCfg = Ad-Hoc|iPhoneSimulator
		{A2CC3C2A-5F2D-491F-B406-A023668AE625}.Ad-Hoc|iPhoneSimulator.Build.0 = Ad-Hoc|iPhoneSimulator
		{A2CC3C2A-5F2D-491F-B406-A023668AE625}.Ad-Hoc|x64.ActiveCfg = Ad-Hoc|iPhone
		{A2CC3C2A-5F2D-491F-B406-A023668AE625}.Ad-Hoc|x86.ActiveCfg = Ad-Hoc|iPhone
		{A2CC3C2A-5F2D-491F-B406-A023668AE625}.AppStore|Any CPU.ActiveCfg = AppStore|iPhone
		{A2CC3C2A-5F2D-491F-B406-A023668AE625}.AppStore|ARM.ActiveCfg = AppStore|iPhone
		{A2CC3C2A-5F2D-491F-B406-A023668AE625}.AppStore|iPhone.ActiveCfg = AppStore|iPhone
		{A2CC3C2A-5F2D-491F-B406-A023668AE625}.AppStore|iPhone.Build.0 = AppStore|iPhone
		{A2CC3C2A-5F2D-491F-B406-A023668AE625}.AppStore|iPhoneSimulator.ActiveCfg = AppStore|iPhoneSimulator
		{A2CC3C2A-5F2D-491F-B406-A023668AE625}.AppStore|iPhoneSimulator.Build.0 = AppStore|iPhoneSimulator
		{A2CC3C2A-5F2D-491F-B406-A023668AE625}.AppStore|x64.ActiveCfg = AppStore|iPhone
		{A2CC3C2A-5F2D-491F-B406-A023668AE625}.AppStore|x86.ActiveCfg = AppStore|iPhone
		{A2CC3C2A-5F2D-491F-B406-A023668AE625}.Debug|Any CPU.ActiveCfg = Debug|iPhone
		{A2CC3C2A-5F2D-491F-B406-A023668AE625}.Debug|Any CPU.Build.0 = Debug|iPhone
		{A2CC3C2A-5F2D-491F-B406-A023668AE625}.Debug|ARM.ActiveCfg = Debug|iPhone
		{A2CC3C2A-5F2D-491F-B406-A023668AE625}.Debug|iPhone.ActiveCfg = Debug|iPhone
		{A2CC3C2A-5F2D-491F-B406-A023668AE625}.Debug|iPhone.Build.0 = Debug|iPhone
		{A2CC3C2A-5F2D-491F-B406-A023668AE625}.Debug|iPhoneSimulator.ActiveCfg = Debug|iPhoneSimulator
		{A2CC3C2A-5F2D-491F-B406-A023668AE625}.Debug|iPhoneSimulator.Build.0 = Debug|iPhoneSimulator
		{A2CC3C2A-5F2D-491F-B406-A023668AE625}.Debug|x64.ActiveCfg = Debug|iPhone
		{A2CC3C2A-5F2D-491F-B406-A023668AE625}.Debug|x86.ActiveCfg = Debug|iPhone
		{A2CC3C2A-5F2D-491F-B406-A023668AE625}.Release|Any CPU.ActiveCfg = Release|iPhone
		{A2CC3C2A-5F2D-491F-B406-A023668AE625}.Release|ARM.ActiveCfg = Release|iPhone
		{A2CC3C2A-5F2D-491F-B406-A023668AE625}.Release|iPhone.ActiveCfg = Release|iPhone
		{A2CC3C2A-5F2D-491F-B406-A023668AE625}.Release|iPhone.Build.0 = Release|iPhone
		{A2CC3C2A-5F2D-491F-B406-A023668AE625}.Release|iPhoneSimulator.ActiveCfg = Release|iPhoneSimulator
		{A2CC3C2A-5F2D-491F-B406-A023668AE625}.Release|iPhoneSimulator.Build.0 = Release|iPhoneSimulator
		{A2CC3C2A-5F2D-491F-B406-A023668AE625}.Release|x64.ActiveCfg = Release|iPhone
		{A2CC3C2A-5F2D-491F-B406-A023668AE625}.Release|x86.ActiveCfg = Release|iPhone
	EndGlobalSection
	GlobalSection(SolutionProperties) = preSolution
		HideSolutionNode = FALSE
	EndGlobalSection
EndGlobal
